// !$*UTF8*$!
{
	archiveVersion = 1;
	classes = {
	};
	objectVersion = 50;
	objects = {

/* Begin PBXBuildFile section */
		AC504F3E2186DCFC00562729 /* MainTabBarController.swift in Sources */ = {isa = PBXBuildFile; fileRef = AC504F3C2186DCFC00562729 /* MainTabBarController.swift */; };
		AC504F452186E61600562729 /* HomeViewController.swift in Sources */ = {isa = PBXBuildFile; fileRef = AC504F432186E61600562729 /* HomeViewController.swift */; };
		AC504F462186E61600562729 /* HomeViewController.xib in Resources */ = {isa = PBXBuildFile; fileRef = AC504F442186E61600562729 /* HomeViewController.xib */; };
		AC504F492186E62400562729 /* ProductViewController.swift in Sources */ = {isa = PBXBuildFile; fileRef = AC504F472186E62400562729 /* ProductViewController.swift */; };
		AC504F4A2186E62400562729 /* ProductViewController.xib in Resources */ = {isa = PBXBuildFile; fileRef = AC504F482186E62400562729 /* ProductViewController.xib */; };
		AC504F4D2186E63200562729 /* ProfileViewController.swift in Sources */ = {isa = PBXBuildFile; fileRef = AC504F4B2186E63200562729 /* ProfileViewController.swift */; };
		AC504F4E2186E63200562729 /* ProfileViewController.xib in Resources */ = {isa = PBXBuildFile; fileRef = AC504F4C2186E63200562729 /* ProfileViewController.xib */; };
		AC504F562186E91500562729 /* LoginViewController.swift in Sources */ = {isa = PBXBuildFile; fileRef = AC504F542186E91500562729 /* LoginViewController.swift */; };
		AC504F572186E91500562729 /* LoginViewController.xib in Resources */ = {isa = PBXBuildFile; fileRef = AC504F552186E91500562729 /* LoginViewController.xib */; };
		AC504F5A2187065A00562729 /* ApplyLoanViewC.swift in Sources */ = {isa = PBXBuildFile; fileRef = AC504F582187065A00562729 /* ApplyLoanViewC.swift */; };
		AC504F5B2187065A00562729 /* ApplyLoanViewC.xib in Resources */ = {isa = PBXBuildFile; fileRef = AC504F592187065A00562729 /* ApplyLoanViewC.xib */; };
		AC504F5F21870AF300562729 /* HomeTableHeader.xib in Resources */ = {isa = PBXBuildFile; fileRef = AC504F5E21870AF300562729 /* HomeTableHeader.xib */; };
		AC504F6121870B0A00562729 /* HomeTableHeader.swift in Sources */ = {isa = PBXBuildFile; fileRef = AC504F6021870B0A00562729 /* HomeTableHeader.swift */; };
		AC504F6321870DA200562729 /* KeysAndValues.swift in Sources */ = {isa = PBXBuildFile; fileRef = AC504F6221870DA200562729 /* KeysAndValues.swift */; };
		AC504F6521870E8B00562729 /* HomeTableSectionHeader.swift in Sources */ = {isa = PBXBuildFile; fileRef = AC504F6421870E8B00562729 /* HomeTableSectionHeader.swift */; };
		AC504F6721870E9900562729 /* HomeTableSectionHeader.xib in Resources */ = {isa = PBXBuildFile; fileRef = AC504F6621870E9900562729 /* HomeTableSectionHeader.xib */; };
		AC504F6A21870FDA00562729 /* XLProgressHUD.swift in Sources */ = {isa = PBXBuildFile; fileRef = AC504F6821870FD900562729 /* XLProgressHUD.swift */; };
		AC504F6B21870FDA00562729 /* SwiftNotice.swift in Sources */ = {isa = PBXBuildFile; fileRef = AC504F6921870FDA00562729 /* SwiftNotice.swift */; };
		AC504F6E218716C300562729 /* HomeTableCell.swift in Sources */ = {isa = PBXBuildFile; fileRef = AC504F6C218716C300562729 /* HomeTableCell.swift */; };
		AC504F6F218716C300562729 /* HomeTableCell.xib in Resources */ = {isa = PBXBuildFile; fileRef = AC504F6D218716C300562729 /* HomeTableCell.xib */; };
		AC504F7221873A9200562729 /* HomeCollectionCell.swift in Sources */ = {isa = PBXBuildFile; fileRef = AC504F7021873A9200562729 /* HomeCollectionCell.swift */; };
		AC504F7321873A9200562729 /* HomeCollectionCell.xib in Resources */ = {isa = PBXBuildFile; fileRef = AC504F7121873A9200562729 /* HomeCollectionCell.xib */; };
		AC83EBB9218048DE00A3C817 /* AppDelegate.swift in Sources */ = {isa = PBXBuildFile; fileRef = AC83EBB8218048DE00A3C817 /* AppDelegate.swift */; };
		AC83EBBB218048DE00A3C817 /* ViewController.swift in Sources */ = {isa = PBXBuildFile; fileRef = AC83EBBA218048DE00A3C817 /* ViewController.swift */; };
		AC83EBBE218048DE00A3C817 /* Main.storyboard in Resources */ = {isa = PBXBuildFile; fileRef = AC83EBBC218048DE00A3C817 /* Main.storyboard */; };
		AC83EBC1218048DE00A3C817 /* Loan.xcdatamodeld in Sources */ = {isa = PBXBuildFile; fileRef = AC83EBBF218048DE00A3C817 /* Loan.xcdatamodeld */; };
		AC83EBC3218048E100A3C817 /* Assets.xcassets in Resources */ = {isa = PBXBuildFile; fileRef = AC83EBC2218048E100A3C817 /* Assets.xcassets */; };
		AC83EBC6218048E100A3C817 /* LaunchScreen.storyboard in Resources */ = {isa = PBXBuildFile; fileRef = AC83EBC4218048E100A3C817 /* LaunchScreen.storyboard */; };
		AC83EBD1218048E100A3C817 /* LoanTests.swift in Sources */ = {isa = PBXBuildFile; fileRef = AC83EBD0218048E100A3C817 /* LoanTests.swift */; };
		AC83EBDC218048E100A3C817 /* LoanUITests.swift in Sources */ = {isa = PBXBuildFile; fileRef = AC83EBDB218048E100A3C817 /* LoanUITests.swift */; };
/* End PBXBuildFile section */

/* Begin PBXContainerItemProxy section */
		AC83EBCD218048E100A3C817 /* PBXContainerItemProxy */ = {
			isa = PBXContainerItemProxy;
			containerPortal = AC83EBAD218048DE00A3C817 /* Project object */;
			proxyType = 1;
			remoteGlobalIDString = AC83EBB4218048DE00A3C817;
			remoteInfo = Loan;
		};
		AC83EBD8218048E100A3C817 /* PBXContainerItemProxy */ = {
			isa = PBXContainerItemProxy;
			containerPortal = AC83EBAD218048DE00A3C817 /* Project object */;
			proxyType = 1;
			remoteGlobalIDString = AC83EBB4218048DE00A3C817;
			remoteInfo = Loan;
		};
/* End PBXContainerItemProxy section */

/* Begin PBXFileReference section */
		AC504F3C2186DCFC00562729 /* MainTabBarController.swift */ = {isa = PBXFileReference; lastKnownFileType = sourcecode.swift; path = MainTabBarController.swift; sourceTree = "<group>"; };
		AC504F432186E61600562729 /* HomeViewController.swift */ = {isa = PBXFileReference; lastKnownFileType = sourcecode.swift; path = HomeViewController.swift; sourceTree = "<group>"; };
		AC504F442186E61600562729 /* HomeViewController.xib */ = {isa = PBXFileReference; lastKnownFileType = file.xib; path = HomeViewController.xib; sourceTree = "<group>"; };
		AC504F472186E62400562729 /* ProductViewController.swift */ = {isa = PBXFileReference; lastKnownFileType = sourcecode.swift; path = ProductViewController.swift; sourceTree = "<group>"; };
		AC504F482186E62400562729 /* ProductViewController.xib */ = {isa = PBXFileReference; lastKnownFileType = file.xib; path = ProductViewController.xib; sourceTree = "<group>"; };
		AC504F4B2186E63200562729 /* ProfileViewController.swift */ = {isa = PBXFileReference; lastKnownFileType = sourcecode.swift; path = ProfileViewController.swift; sourceTree = "<group>"; };
		AC504F4C2186E63200562729 /* ProfileViewController.xib */ = {isa = PBXFileReference; lastKnownFileType = file.xib; path = ProfileViewController.xib; sourceTree = "<group>"; };
		AC504F542186E91500562729 /* LoginViewController.swift */ = {isa = PBXFileReference; lastKnownFileType = sourcecode.swift; path = LoginViewController.swift; sourceTree = "<group>"; };
		AC504F552186E91500562729 /* LoginViewController.xib */ = {isa = PBXFileReference; lastKnownFileType = file.xib; path = LoginViewController.xib; sourceTree = "<group>"; };
		AC504F582187065A00562729 /* ApplyLoanViewC.swift */ = {isa = PBXFileReference; lastKnownFileType = sourcecode.swift; path = ApplyLoanViewC.swift; sourceTree = "<group>"; };
		AC504F592187065A00562729 /* ApplyLoanViewC.xib */ = {isa = PBXFileReference; lastKnownFileType = file.xib; path = ApplyLoanViewC.xib; sourceTree = "<group>"; };
		AC504F5E21870AF300562729 /* HomeTableHeader.xib */ = {isa = PBXFileReference; lastKnownFileType = file.xib; path = HomeTableHeader.xib; sourceTree = "<group>"; };
		AC504F6021870B0A00562729 /* HomeTableHeader.swift */ = {isa = PBXFileReference; lastKnownFileType = sourcecode.swift; path = HomeTableHeader.swift; sourceTree = "<group>"; };
		AC504F6221870DA200562729 /* KeysAndValues.swift */ = {isa = PBXFileReference; fileEncoding = 4; lastKnownFileType = sourcecode.swift; path = KeysAndValues.swift; sourceTree = "<group>"; };
		AC504F6421870E8B00562729 /* HomeTableSectionHeader.swift */ = {isa = PBXFileReference; lastKnownFileType = sourcecode.swift; path = HomeTableSectionHeader.swift; sourceTree = "<group>"; };
		AC504F6621870E9900562729 /* HomeTableSectionHeader.xib */ = {isa = PBXFileReference; lastKnownFileType = file.xib; path = HomeTableSectionHeader.xib; sourceTree = "<group>"; };
		AC504F6821870FD900562729 /* XLProgressHUD.swift */ = {isa = PBXFileReference; fileEncoding = 4; lastKnownFileType = sourcecode.swift; path = XLProgressHUD.swift; sourceTree = "<group>"; };
		AC504F6921870FDA00562729 /* SwiftNotice.swift */ = {isa = PBXFileReference; fileEncoding = 4; lastKnownFileType = sourcecode.swift; path = SwiftNotice.swift; sourceTree = "<group>"; };
		AC504F6C218716C300562729 /* HomeTableCell.swift */ = {isa = PBXFileReference; lastKnownFileType = sourcecode.swift; path = HomeTableCell.swift; sourceTree = "<group>"; };
		AC504F6D218716C300562729 /* HomeTableCell.xib */ = {isa = PBXFileReference; lastKnownFileType = file.xib; path = HomeTableCell.xib; sourceTree = "<group>"; };
		AC504F7021873A9200562729 /* HomeCollectionCell.swift */ = {isa = PBXFileReference; lastKnownFileType = sourcecode.swift; path = HomeCollectionCell.swift; sourceTree = "<group>"; };
		AC504F7121873A9200562729 /* HomeCollectionCell.xib */ = {isa = PBXFileReference; lastKnownFileType = file.xib; path = HomeCollectionCell.xib; sourceTree = "<group>"; };
		AC83EBB5218048DE00A3C817 /* Loan.app */ = {isa = PBXFileReference; explicitFileType = wrapper.application; includeInIndex = 0; path = Loan.app; sourceTree = BUILT_PRODUCTS_DIR; };
		AC83EBB8218048DE00A3C817 /* AppDelegate.swift */ = {isa = PBXFileReference; lastKnownFileType = sourcecode.swift; path = AppDelegate.swift; sourceTree = "<group>"; };
		AC83EBBA218048DE00A3C817 /* ViewController.swift */ = {isa = PBXFileReference; lastKnownFileType = sourcecode.swift; path = ViewController.swift; sourceTree = "<group>"; };
		AC83EBBD218048DE00A3C817 /* Base */ = {isa = PBXFileReference; lastKnownFileType = file.storyboard; name = Base; path = Base.lproj/Main.storyboard; sourceTree = "<group>"; };
		AC83EBC0218048DE00A3C817 /* Loan.xcdatamodel */ = {isa = PBXFileReference; lastKnownFileType = wrapper.xcdatamodel; path = Loan.xcdatamodel; sourceTree = "<group>"; };
		AC83EBC2218048E100A3C817 /* Assets.xcassets */ = {isa = PBXFileReference; lastKnownFileType = folder.assetcatalog; path = Assets.xcassets; sourceTree = "<group>"; };
		AC83EBC5218048E100A3C817 /* Base */ = {isa = PBXFileReference; lastKnownFileType = file.storyboard; name = Base; path = Base.lproj/LaunchScreen.storyboard; sourceTree = "<group>"; };
		AC83EBC7218048E100A3C817 /* Info.plist */ = {isa = PBXFileReference; lastKnownFileType = text.plist.xml; path = Info.plist; sourceTree = "<group>"; };
		AC83EBCC218048E100A3C817 /* LoanTests.xctest */ = {isa = PBXFileReference; explicitFileType = wrapper.cfbundle; includeInIndex = 0; path = LoanTests.xctest; sourceTree = BUILT_PRODUCTS_DIR; };
		AC83EBD0218048E100A3C817 /* LoanTests.swift */ = {isa = PBXFileReference; lastKnownFileType = sourcecode.swift; path = LoanTests.swift; sourceTree = "<group>"; };
		AC83EBD2218048E100A3C817 /* Info.plist */ = {isa = PBXFileReference; lastKnownFileType = text.plist.xml; path = Info.plist; sourceTree = "<group>"; };
		AC83EBD7218048E100A3C817 /* LoanUITests.xctest */ = {isa = PBXFileReference; explicitFileType = wrapper.cfbundle; includeInIndex = 0; path = LoanUITests.xctest; sourceTree = BUILT_PRODUCTS_DIR; };
		AC83EBDB218048E100A3C817 /* LoanUITests.swift */ = {isa = PBXFileReference; lastKnownFileType = sourcecode.swift; path = LoanUITests.swift; sourceTree = "<group>"; };
		AC83EBDD218048E100A3C817 /* Info.plist */ = {isa = PBXFileReference; lastKnownFileType = text.plist.xml; path = Info.plist; sourceTree = "<group>"; };
/* End PBXFileReference section */

/* Begin PBXFrameworksBuildPhase section */
		AC83EBB2218048DE00A3C817 /* Frameworks */ = {
			isa = PBXFrameworksBuildPhase;
			buildActionMask = 2147483647;
			files = (
			);
			runOnlyForDeploymentPostprocessing = 0;
		};
		AC83EBC9218048E100A3C817 /* Frameworks */ = {
			isa = PBXFrameworksBuildPhase;
			buildActionMask = 2147483647;
			files = (
			);
			runOnlyForDeploymentPostprocessing = 0;
		};
		AC83EBD4218048E100A3C817 /* Frameworks */ = {
			isa = PBXFrameworksBuildPhase;
			buildActionMask = 2147483647;
			files = (
			);
			runOnlyForDeploymentPostprocessing = 0;
		};
/* End PBXFrameworksBuildPhase section */

/* Begin PBXGroup section */
		AC504F3B2186DCCB00562729 /* Root */ = {
			isa = PBXGroup;
			children = (
				AC504F6221870DA200562729 /* KeysAndValues.swift */,
				AC504F6921870FDA00562729 /* SwiftNotice.swift */,
				AC504F6821870FD900562729 /* XLProgressHUD.swift */,
				AC504F3C2186DCFC00562729 /* MainTabBarController.swift */,
			);
			path = Root;
			sourceTree = "<group>";
		};
		AC504F402186E5ED00562729 /* Home */ = {
			isa = PBXGroup;
			children = (
				AC504F5D21870AD500562729 /* View */,
				AC504F5C21870AC300562729 /* Controller */,
			);
			path = Home;
			sourceTree = "<group>";
		};
		AC504F412186E5F800562729 /* Product */ = {
			isa = PBXGroup;
			children = (
				AC504F472186E62400562729 /* ProductViewController.swift */,
				AC504F482186E62400562729 /* ProductViewController.xib */,
			);
			path = Product;
			sourceTree = "<group>";
		};
		AC504F422186E60000562729 /* Profile */ = {
			isa = PBXGroup;
			children = (
				AC504F4B2186E63200562729 /* ProfileViewController.swift */,
				AC504F4C2186E63200562729 /* ProfileViewController.xib */,
			);
			path = Profile;
			sourceTree = "<group>";
		};
		AC504F532186E90300562729 /* Login */ = {
			isa = PBXGroup;
			children = (
				AC504F542186E91500562729 /* LoginViewController.swift */,
				AC504F552186E91500562729 /* LoginViewController.xib */,
			);
			path = Login;
			sourceTree = "<group>";
		};
		AC504F5C21870AC300562729 /* Controller */ = {
			isa = PBXGroup;
			children = (
				AC504F432186E61600562729 /* HomeViewController.swift */,
				AC504F442186E61600562729 /* HomeViewController.xib */,
				AC504F582187065A00562729 /* ApplyLoanViewC.swift */,
				AC504F592187065A00562729 /* ApplyLoanViewC.xib */,
			);
			path = Controller;
			sourceTree = "<group>";
		};
		AC504F5D21870AD500562729 /* View */ = {
			isa = PBXGroup;
			children = (
				AC504F5E21870AF300562729 /* HomeTableHeader.xib */,
				AC504F6021870B0A00562729 /* HomeTableHeader.swift */,
				AC504F6421870E8B00562729 /* HomeTableSectionHeader.swift */,
				AC504F6621870E9900562729 /* HomeTableSectionHeader.xib */,
				AC504F6C218716C300562729 /* HomeTableCell.swift */,
				AC504F6D218716C300562729 /* HomeTableCell.xib */,
				AC504F7021873A9200562729 /* HomeCollectionCell.swift */,
				AC504F7121873A9200562729 /* HomeCollectionCell.xib */,
			);
			path = View;
			sourceTree = "<group>";
		};
		AC83EBAC218048DE00A3C817 = {
			isa = PBXGroup;
			children = (
				AC83EBB7218048DE00A3C817 /* Loan */,
				AC83EBCF218048E100A3C817 /* LoanTests */,
				AC83EBDA218048E100A3C817 /* LoanUITests */,
				AC83EBB6218048DE00A3C817 /* Products */,
			);
			sourceTree = "<group>";
		};
		AC83EBB6218048DE00A3C817 /* Products */ = {
			isa = PBXGroup;
			children = (
				AC83EBB5218048DE00A3C817 /* Loan.app */,
				AC83EBCC218048E100A3C817 /* LoanTests.xctest */,
				AC83EBD7218048E100A3C817 /* LoanUITests.xctest */,
			);
			name = Products;
			sourceTree = "<group>";
		};
		AC83EBB7218048DE00A3C817 /* Loan */ = {
			isa = PBXGroup;
			children = (
				AC504F532186E90300562729 /* Login */,
				AC504F422186E60000562729 /* Profile */,
				AC504F412186E5F800562729 /* Product */,
				AC504F402186E5ED00562729 /* Home */,
				AC504F3B2186DCCB00562729 /* Root */,
				AC83EBB8218048DE00A3C817 /* AppDelegate.swift */,
				AC83EBBA218048DE00A3C817 /* ViewController.swift */,
				AC83EBBC218048DE00A3C817 /* Main.storyboard */,
				AC83EBC2218048E100A3C817 /* Assets.xcassets */,
				AC83EBC4218048E100A3C817 /* LaunchScreen.storyboard */,
				AC83EBC7218048E100A3C817 /* Info.plist */,
				AC83EBBF218048DE00A3C817 /* Loan.xcdatamodeld */,
			);
			path = Loan;
			sourceTree = "<group>";
		};
		AC83EBCF218048E100A3C817 /* LoanTests */ = {
			isa = PBXGroup;
			children = (
				AC83EBD0218048E100A3C817 /* LoanTests.swift */,
				AC83EBD2218048E100A3C817 /* Info.plist */,
			);
			path = LoanTests;
			sourceTree = "<group>";
		};
		AC83EBDA218048E100A3C817 /* LoanUITests */ = {
			isa = PBXGroup;
			children = (
				AC83EBDB218048E100A3C817 /* LoanUITests.swift */,
				AC83EBDD218048E100A3C817 /* Info.plist */,
			);
			path = LoanUITests;
			sourceTree = "<group>";
		};
/* End PBXGroup section */

/* Begin PBXNativeTarget section */
		AC83EBB4218048DE00A3C817 /* Loan */ = {
			isa = PBXNativeTarget;
			buildConfigurationList = AC83EBE0218048E100A3C817 /* Build configuration list for PBXNativeTarget "Loan" */;
			buildPhases = (
				AC83EBB1218048DE00A3C817 /* Sources */,
				AC83EBB2218048DE00A3C817 /* Frameworks */,
				AC83EBB3218048DE00A3C817 /* Resources */,
			);
			buildRules = (
			);
			dependencies = (
			);
			name = Loan;
			productName = Loan;
			productReference = AC83EBB5218048DE00A3C817 /* Loan.app */;
			productType = "com.apple.product-type.application";
		};
		AC83EBCB218048E100A3C817 /* LoanTests */ = {
			isa = PBXNativeTarget;
			buildConfigurationList = AC83EBE3218048E100A3C817 /* Build configuration list for PBXNativeTarget "LoanTests" */;
			buildPhases = (
				AC83EBC8218048E100A3C817 /* Sources */,
				AC83EBC9218048E100A3C817 /* Frameworks */,
				AC83EBCA218048E100A3C817 /* Resources */,
			);
			buildRules = (
			);
			dependencies = (
				AC83EBCE218048E100A3C817 /* PBXTargetDependency */,
			);
			name = LoanTests;
			productName = LoanTests;
			productReference = AC83EBCC218048E100A3C817 /* LoanTests.xctest */;
			productType = "com.apple.product-type.bundle.unit-test";
		};
		AC83EBD6218048E100A3C817 /* LoanUITests */ = {
			isa = PBXNativeTarget;
			buildConfigurationList = AC83EBE6218048E100A3C817 /* Build configuration list for PBXNativeTarget "LoanUITests" */;
			buildPhases = (
				AC83EBD3218048E100A3C817 /* Sources */,
				AC83EBD4218048E100A3C817 /* Frameworks */,
				AC83EBD5218048E100A3C817 /* Resources */,
			);
			buildRules = (
			);
			dependencies = (
				AC83EBD9218048E100A3C817 /* PBXTargetDependency */,
			);
			name = LoanUITests;
			productName = LoanUITests;
			productReference = AC83EBD7218048E100A3C817 /* LoanUITests.xctest */;
			productType = "com.apple.product-type.bundle.ui-testing";
		};
/* End PBXNativeTarget section */

/* Begin PBXProject section */
		AC83EBAD218048DE00A3C817 /* Project object */ = {
			isa = PBXProject;
			attributes = {
				LastSwiftUpdateCheck = 0930;
				LastUpgradeCheck = 0930;
				ORGANIZATIONNAME = Fanruan;
				TargetAttributes = {
					AC83EBB4218048DE00A3C817 = {
						CreatedOnToolsVersion = 9.3;
					};
					AC83EBCB218048E100A3C817 = {
						CreatedOnToolsVersion = 9.3;
						TestTargetID = AC83EBB4218048DE00A3C817;
					};
					AC83EBD6218048E100A3C817 = {
						CreatedOnToolsVersion = 9.3;
						TestTargetID = AC83EBB4218048DE00A3C817;
					};
				};
			};
			buildConfigurationList = AC83EBB0218048DE00A3C817 /* Build configuration list for PBXProject "Loan" */;
			compatibilityVersion = "Xcode 9.3";
			developmentRegion = en;
			hasScannedForEncodings = 0;
			knownRegions = (
				en,
				Base,
			);
			mainGroup = AC83EBAC218048DE00A3C817;
			productRefGroup = AC83EBB6218048DE00A3C817 /* Products */;
			projectDirPath = "";
			projectRoot = "";
			targets = (
				AC83EBB4218048DE00A3C817 /* Loan */,
				AC83EBCB218048E100A3C817 /* LoanTests */,
				AC83EBD6218048E100A3C817 /* LoanUITests */,
			);
		};
/* End PBXProject section */

/* Begin PBXResourcesBuildPhase section */
		AC83EBB3218048DE00A3C817 /* Resources */ = {
			isa = PBXResourcesBuildPhase;
			buildActionMask = 2147483647;
			files = (
				AC504F4E2186E63200562729 /* ProfileViewController.xib in Resources */,
				AC504F5B2187065A00562729 /* ApplyLoanViewC.xib in Resources */,
				AC83EBC6218048E100A3C817 /* LaunchScreen.storyboard in Resources */,
				AC83EBC3218048E100A3C817 /* Assets.xcassets in Resources */,
				AC504F7321873A9200562729 /* HomeCollectionCell.xib in Resources */,
				AC504F6F218716C300562729 /* HomeTableCell.xib in Resources */,
				AC504F6721870E9900562729 /* HomeTableSectionHeader.xib in Resources */,
				AC504F462186E61600562729 /* HomeViewController.xib in Resources */,
				AC504F4A2186E62400562729 /* ProductViewController.xib in Resources */,
				AC504F572186E91500562729 /* LoginViewController.xib in Resources */,
				AC83EBBE218048DE00A3C817 /* Main.storyboard in Resources */,
				AC504F5F21870AF300562729 /* HomeTableHeader.xib in Resources */,
			);
			runOnlyForDeploymentPostprocessing = 0;
		};
		AC83EBCA218048E100A3C817 /* Resources */ = {
			isa = PBXResourcesBuildPhase;
			buildActionMask = 2147483647;
			files = (
			);
			runOnlyForDeploymentPostprocessing = 0;
		};
		AC83EBD5218048E100A3C817 /* Resources */ = {
			isa = PBXResourcesBuildPhase;
			buildActionMask = 2147483647;
			files = (
			);
			runOnlyForDeploymentPostprocessing = 0;
		};
/* End PBXResourcesBuildPhase section */

/* Begin PBXSourcesBuildPhase section */
		AC83EBB1218048DE00A3C817 /* Sources */ = {
			isa = PBXSourcesBuildPhase;
			buildActionMask = 2147483647;
			files = (
				AC504F6121870B0A00562729 /* HomeTableHeader.swift in Sources */,
				AC504F492186E62400562729 /* ProductViewController.swift in Sources */,
				AC504F6A21870FDA00562729 /* XLProgressHUD.swift in Sources */,
				AC504F6321870DA200562729 /* KeysAndValues.swift in Sources */,
				AC504F452186E61600562729 /* HomeViewController.swift in Sources */,
				AC504F6B21870FDA00562729 /* SwiftNotice.swift in Sources */,
				AC83EBBB218048DE00A3C817 /* ViewController.swift in Sources */,
				AC83EBB9218048DE00A3C817 /* AppDelegate.swift in Sources */,
				AC504F7221873A9200562729 /* HomeCollectionCell.swift in Sources */,
				AC504F6E218716C300562729 /* HomeTableCell.swift in Sources */,
				AC504F6521870E8B00562729 /* HomeTableSectionHeader.swift in Sources */,
				AC504F562186E91500562729 /* LoginViewController.swift in Sources */,
				AC504F5A2187065A00562729 /* ApplyLoanViewC.swift in Sources */,
				AC504F4D2186E63200562729 /* ProfileViewController.swift in Sources */,
				AC504F3E2186DCFC00562729 /* MainTabBarController.swift in Sources */,
				AC83EBC1218048DE00A3C817 /* Loan.xcdatamodeld in Sources */,
			);
			runOnlyForDeploymentPostprocessing = 0;
		};
		AC83EBC8218048E100A3C817 /* Sources */ = {
			isa = PBXSourcesBuildPhase;
			buildActionMask = 2147483647;
			files = (
				AC83EBD1218048E100A3C817 /* LoanTests.swift in Sources */,
			);
			runOnlyForDeploymentPostprocessing = 0;
		};
		AC83EBD3218048E100A3C817 /* Sources */ = {
			isa = PBXSourcesBuildPhase;
			buildActionMask = 2147483647;
			files = (
				AC83EBDC218048E100A3C817 /* LoanUITests.swift in Sources */,
			);
			runOnlyForDeploymentPostprocessing = 0;
		};
/* End PBXSourcesBuildPhase section */

/* Begin PBXTargetDependency section */
		AC83EBCE218048E100A3C817 /* PBXTargetDependency */ = {
			isa = PBXTargetDependency;
			target = AC83EBB4218048DE00A3C817 /* Loan */;
			targetProxy = AC83EBCD218048E100A3C817 /* PBXContainerItemProxy */;
		};
		AC83EBD9218048E100A3C817 /* PBXTargetDependency */ = {
			isa = PBXTargetDependency;
			target = AC83EBB4218048DE00A3C817 /* Loan */;
			targetProxy = AC83EBD8218048E100A3C817 /* PBXContainerItemProxy */;
		};
/* End PBXTargetDependency section */

/* Begin PBXVariantGroup section */
		AC83EBBC218048DE00A3C817 /* Main.storyboard */ = {
			isa = PBXVariantGroup;
			children = (
				AC83EBBD218048DE00A3C817 /* Base */,
			);
			name = Main.storyboard;
			sourceTree = "<group>";
		};
		AC83EBC4218048E100A3C817 /* LaunchScreen.storyboard */ = {
			isa = PBXVariantGroup;
			children = (
				AC83EBC5218048E100A3C817 /* Base */,
			);
			name = LaunchScreen.storyboard;
			sourceTree = "<group>";
		};
/* End PBXVariantGroup section */

/* Begin XCBuildConfiguration section */
		AC83EBDE218048E100A3C817 /* Debug */ = {
			isa = XCBuildConfiguration;
			buildSettings = {
				ALWAYS_SEARCH_USER_PATHS = NO;
				CLANG_ANALYZER_NONNULL = YES;
				CLANG_ANALYZER_NUMBER_OBJECT_CONVERSION = YES_AGGRESSIVE;
				CLANG_CXX_LANGUAGE_STANDARD = "gnu++14";
				CLANG_CXX_LIBRARY = "libc++";
				CLANG_ENABLE_MODULES = YES;
				CLANG_ENABLE_OBJC_ARC = YES;
				CLANG_ENABLE_OBJC_WEAK = YES;
				CLANG_WARN_BLOCK_CAPTURE_AUTORELEASING = YES;
				CLANG_WARN_BOOL_CONVERSION = YES;
				CLANG_WARN_COMMA = YES;
				CLANG_WARN_CONSTANT_CONVERSION = YES;
				CLANG_WARN_DEPRECATED_OBJC_IMPLEMENTATIONS = YES;
				CLANG_WARN_DIRECT_OBJC_ISA_USAGE = YES_ERROR;
				CLANG_WARN_DOCUMENTATION_COMMENTS = YES;
				CLANG_WARN_EMPTY_BODY = YES;
				CLANG_WARN_ENUM_CONVERSION = YES;
				CLANG_WARN_INFINITE_RECURSION = YES;
				CLANG_WARN_INT_CONVERSION = YES;
				CLANG_WARN_NON_LITERAL_NULL_CONVERSION = YES;
				CLANG_WARN_OBJC_IMPLICIT_RETAIN_SELF = YES;
				CLANG_WARN_OBJC_LITERAL_CONVERSION = YES;
				CLANG_WARN_OBJC_ROOT_CLASS = YES_ERROR;
				CLANG_WARN_RANGE_LOOP_ANALYSIS = YES;
				CLANG_WARN_STRICT_PROTOTYPES = YES;
				CLANG_WARN_SUSPICIOUS_MOVE = YES;
				CLANG_WARN_UNGUARDED_AVAILABILITY = YES_AGGRESSIVE;
				CLANG_WARN_UNREACHABLE_CODE = YES;
				CLANG_WARN__DUPLICATE_METHOD_MATCH = YES;
				CODE_SIGN_IDENTITY = "iPhone Developer";
				COPY_PHASE_STRIP = NO;
				DEBUG_INFORMATION_FORMAT = dwarf;
				ENABLE_STRICT_OBJC_MSGSEND = YES;
				ENABLE_TESTABILITY = YES;
				GCC_C_LANGUAGE_STANDARD = gnu11;
				GCC_DYNAMIC_NO_PIC = NO;
				GCC_NO_COMMON_BLOCKS = YES;
				GCC_OPTIMIZATION_LEVEL = 0;
				GCC_PREPROCESSOR_DEFINITIONS = (
					"DEBUG=1",
					"$(inherited)",
				);
				GCC_WARN_64_TO_32_BIT_CONVERSION = YES;
				GCC_WARN_ABOUT_RETURN_TYPE = YES_ERROR;
				GCC_WARN_UNDECLARED_SELECTOR = YES;
				GCC_WARN_UNINITIALIZED_AUTOS = YES_AGGRESSIVE;
				GCC_WARN_UNUSED_FUNCTION = YES;
				GCC_WARN_UNUSED_VARIABLE = YES;
				IPHONEOS_DEPLOYMENT_TARGET = 11.3;
				MTL_ENABLE_DEBUG_INFO = YES;
				ONLY_ACTIVE_ARCH = YES;
				SDKROOT = iphoneos;
				SWIFT_ACTIVE_COMPILATION_CONDITIONS = DEBUG;
				SWIFT_OPTIMIZATION_LEVEL = "-Onone";
			};
			name = Debug;
		};
		AC83EBDF218048E100A3C817 /* Release */ = {
			isa = XCBuildConfiguration;
			buildSettings = {
				ALWAYS_SEARCH_USER_PATHS = NO;
				CLANG_ANALYZER_NONNULL = YES;
				CLANG_ANALYZER_NUMBER_OBJECT_CONVERSION = YES_AGGRESSIVE;
				CLANG_CXX_LANGUAGE_STANDARD = "gnu++14";
				CLANG_CXX_LIBRARY = "libc++";
				CLANG_ENABLE_MODULES = YES;
				CLANG_ENABLE_OBJC_ARC = YES;
				CLANG_ENABLE_OBJC_WEAK = YES;
				CLANG_WARN_BLOCK_CAPTURE_AUTORELEASING = YES;
				CLANG_WARN_BOOL_CONVERSION = YES;
				CLANG_WARN_COMMA = YES;
				CLANG_WARN_CONSTANT_CONVERSION = YES;
				CLANG_WARN_DEPRECATED_OBJC_IMPLEMENTATIONS = YES;
				CLANG_WARN_DIRECT_OBJC_ISA_USAGE = YES_ERROR;
				CLANG_WARN_DOCUMENTATION_COMMENTS = YES;
				CLANG_WARN_EMPTY_BODY = YES;
				CLANG_WARN_ENUM_CONVERSION = YES;
				CLANG_WARN_INFINITE_RECURSION = YES;
				CLANG_WARN_INT_CONVERSION = YES;
				CLANG_WARN_NON_LITERAL_NULL_CONVERSION = YES;
				CLANG_WARN_OBJC_IMPLICIT_RETAIN_SELF = YES;
				CLANG_WARN_OBJC_LITERAL_CONVERSION = YES;
				CLANG_WARN_OBJC_ROOT_CLASS = YES_ERROR;
				CLANG_WARN_RANGE_LOOP_ANALYSIS = YES;
				CLANG_WARN_STRICT_PROTOTYPES = YES;
				CLANG_WARN_SUSPICIOUS_MOVE = YES;
				CLANG_WARN_UNGUARDED_AVAILABILITY = YES_AGGRESSIVE;
				CLANG_WARN_UNREACHABLE_CODE = YES;
				CLANG_WARN__DUPLICATE_METHOD_MATCH = YES;
				CODE_SIGN_IDENTITY = "iPhone Developer";
				COPY_PHASE_STRIP = NO;
				DEBUG_INFORMATION_FORMAT = "dwarf-with-dsym";
				ENABLE_NS_ASSERTIONS = NO;
				ENABLE_STRICT_OBJC_MSGSEND = YES;
				GCC_C_LANGUAGE_STANDARD = gnu11;
				GCC_NO_COMMON_BLOCKS = YES;
				GCC_WARN_64_TO_32_BIT_CONVERSION = YES;
				GCC_WARN_ABOUT_RETURN_TYPE = YES_ERROR;
				GCC_WARN_UNDECLARED_SELECTOR = YES;
				GCC_WARN_UNINITIALIZED_AUTOS = YES_AGGRESSIVE;
				GCC_WARN_UNUSED_FUNCTION = YES;
				GCC_WARN_UNUSED_VARIABLE = YES;
				IPHONEOS_DEPLOYMENT_TARGET = 11.3;
				MTL_ENABLE_DEBUG_INFO = NO;
				SDKROOT = iphoneos;
				SWIFT_COMPILATION_MODE = wholemodule;
				SWIFT_OPTIMIZATION_LEVEL = "-O";
				VALIDATE_PRODUCT = YES;
			};
			name = Release;
		};
		AC83EBE1218048E100A3C817 /* Debug */ = {
			isa = XCBuildConfiguration;
			buildSettings = {
				ASSETCATALOG_COMPILER_APPICON_NAME = AppIcon;
				CODE_SIGN_STYLE = Automatic;
				DEVELOPMENT_TEAM = GE84AK3EL4;
				INFOPLIST_FILE = Loan/Info.plist;
				LD_RUNPATH_SEARCH_PATHS = (
					"$(inherited)",
					"@executable_path/Frameworks",
				);
				PRODUCT_BUNDLE_IDENTIFIER = com.fanruan.Loan;
				PRODUCT_NAME = "$(TARGET_NAME)";
				SWIFT_VERSION = 4.0;
				TARGETED_DEVICE_FAMILY = "1,2";
			};
			name = Debug;
		};
		AC83EBE2218048E100A3C817 /* Release */ = {
			isa = XCBuildConfiguration;
			buildSettings = {
				ASSETCATALOG_COMPILER_APPICON_NAME = AppIcon;
				CODE_SIGN_STYLE = Automatic;
				DEVELOPMENT_TEAM = GE84AK3EL4;
				INFOPLIST_FILE = Loan/Info.plist;
				LD_RUNPATH_SEARCH_PATHS = (
					"$(inherited)",
					"@executable_path/Frameworks",
				);
				PRODUCT_BUNDLE_IDENTIFIER = com.fanruan.Loan;
				PRODUCT_NAME = "$(TARGET_NAME)";
				SWIFT_VERSION = 4.0;
				TARGETED_DEVICE_FAMILY = "1,2";
			};
			name = Release;
		};
		AC83EBE4218048E100A3C817 /* Debug */ = {
			isa = XCBuildConfiguration;
			buildSettings = {
				ALWAYS_EMBED_SWIFT_STANDARD_LIBRARIES = YES;
				BUNDLE_LOADER = "$(TEST_HOST)";
				CODE_SIGN_STYLE = Automatic;
				INFOPLIST_FILE = LoanTests/Info.plist;
				LD_RUNPATH_SEARCH_PATHS = (
					"$(inherited)",
					"@executable_path/Frameworks",
					"@loader_path/Frameworks",
				);
				PRODUCT_BUNDLE_IDENTIFIER = com.fanruan.LoanTests;
				PRODUCT_NAME = "$(TARGET_NAME)";
				SWIFT_VERSION = 4.0;
				TARGETED_DEVICE_FAMILY = "1,2";
				TEST_HOST = "$(BUILT_PRODUCTS_DIR)/Loan.app/Loan";
			};
			name = Debug;
		};
		AC83EBE5218048E100A3C817 /* Release */ = {
			isa = XCBuildConfiguration;
			buildSettings = {
				ALWAYS_EMBED_SWIFT_STANDARD_LIBRARIES = YES;
				BUNDLE_LOADER = "$(TEST_HOST)";
				CODE_SIGN_STYLE = Automatic;
				INFOPLIST_FILE = LoanTests/Info.plist;
				LD_RUNPATH_SEARCH_PATHS = (
					"$(inherited)",
					"@executable_path/Frameworks",
					"@loader_path/Frameworks",
				);
				PRODUCT_BUNDLE_IDENTIFIER = com.fanruan.LoanTests;
				PRODUCT_NAME = "$(TARGET_NAME)";
				SWIFT_VERSION = 4.0;
				TARGETED_DEVICE_FAMILY = "1,2";
				TEST_HOST = "$(BUILT_PRODUCTS_DIR)/Loan.app/Loan";
			};
			name = Release;
		};
		AC83EBE7218048E100A3C817 /* Debug */ = {
			isa = XCBuildConfiguration;
			buildSettings = {
				ALWAYS_EMBED_SWIFT_STANDARD_LIBRARIES = YES;
				CODE_SIGN_STYLE = Automatic;
				INFOPLIST_FILE = LoanUITests/Info.plist;
				LD_RUNPATH_SEARCH_PATHS = (
					"$(inherited)",
					"@executable_path/Frameworks",
					"@loader_path/Frameworks",
				);
				PRODUCT_BUNDLE_IDENTIFIER = com.fanruan.LoanUITests;
				PRODUCT_NAME = "$(TARGET_NAME)";
				SWIFT_VERSION = 4.0;
				TARGETED_DEVICE_FAMILY = "1,2";
				TEST_TARGET_NAME = Loan;
			};
			name = Debug;
		};
		AC83EBE8218048E100A3C817 /* Release */ = {
			isa = XCBuildConfiguration;
			buildSettings = {
				ALWAYS_EMBED_SWIFT_STANDARD_LIBRARIES = YES;
				CODE_SIGN_STYLE = Automatic;
				INFOPLIST_FILE = LoanUITests/Info.plist;
				LD_RUNPATH_SEARCH_PATHS = (
					"$(inherited)",
					"@executable_path/Frameworks",
					"@loader_path/Frameworks",
				);
				PRODUCT_BUNDLE_IDENTIFIER = com.fanruan.LoanUITests;
				PRODUCT_NAME = "$(TARGET_NAME)";
				SWIFT_VERSION = 4.0;
				TARGETED_DEVICE_FAMILY = "1,2";
				TEST_TARGET_NAME = Loan;
			};
			name = Release;
		};
/* End XCBuildConfiguration section */

/* Begin XCConfigurationList section */
		AC83EBB0218048DE00A3C817 /* Build configuration list for PBXProject "Loan" */ = {
			isa = XCConfigurationList;
			buildConfigurations = (
				AC83EBDE218048E100A3C817 /* Debug */,
				AC83EBDF218048E100A3C817 /* Release */,
			);
			defaultConfigurationIsVisible = 0;
			defaultConfigurationName = Release;
		};
		AC83EBE0218048E100A3C817 /* Build configuration list for PBXNativeTarget "Loan" */ = {
			isa = XCConfigurationList;
			buildConfigurations = (
				AC83EBE1218048E100A3C817 /* Debug */,
				AC83EBE2218048E100A3C817 /* Release */,
			);
			defaultConfigurationIsVisible = 0;
			defaultConfigurationName = Release;
		};
		AC83EBE3218048E100A3C817 /* Build configuration list for PBXNativeTarget "LoanTests" */ = {
			isa = XCConfigurationList;
			buildConfigurations = (
				AC83EBE4218048E100A3C817 /* Debug */,
				AC83EBE5218048E100A3C817 /* Release */,
			);
			defaultConfigurationIsVisible = 0;
			defaultConfigurationName = Release;
		};
		AC83EBE6218048E100A3C817 /* Build configuration list for PBXNativeTarget "LoanUITests" */ = {
			isa = XCConfigurationList;
			buildConfigurations = (
				AC83EBE7218048E100A3C817 /* Debug */,
				AC83EBE8218048E100A3C817 /* Release */,
			);
			defaultConfigurationIsVisible = 0;
			defaultConfigurationName = Release;
		};
/* End XCConfigurationList section */

/* Begin XCVersionGroup section */
		AC83EBBF218048DE00A3C817 /* Loan.xcdatamodeld */ = {
			isa = XCVersionGroup;
			children = (
				AC83EBC0218048DE00A3C817 /* Loan.xcdatamodel */,
			);
			currentVersion = AC83EBC0218048DE00A3C817 /* Loan.xcdatamodel */;
			path = Loan.xcdatamodeld;
			sourceTree = "<group>";
			versionGroupType = wrapper.xcdatamodel;
		};
/* End XCVersionGroup section */
	};
	rootObject = AC83EBAD218048DE00A3C817 /* Project object */;
}
